{
    "_readme": [
        "This file locks the dependencies of your project to a known state",
        "Read more about it at https://getcomposer.org/doc/01-basic-usage.md#installing-dependencies",
        "This file is @generated automatically"
    ],
    "content-hash": "6c9b490ece428a29c146af48f6f25404",
    "packages": [],
    "packages-dev": [
        {
            "name": "filp/whoops",
            "version": "2.10.0",
            "source": {
                "type": "git",
                "url": "https://github.com/filp/whoops.git",
                "reference": "6ecda5217bf048088b891f7403b262906be5a957"
            },
            "dist": {
                "type": "zip",
                "url": "https://api.github.com/repos/filp/whoops/zipball/6ecda5217bf048088b891f7403b262906be5a957",
                "reference": "6ecda5217bf048088b891f7403b262906be5a957",
                "shasum": ""
            },
            "require": {
                "php": "^5.5.9 || ^7.0 || ^8.0",
                "psr/log": "^1.0.1"
            },
            "require-dev": {
                "mockery/mockery": "^0.9 || ^1.0",
                "phpunit/phpunit": "^4.8.36 || ^5.7.27 || ^6.5.14 || ^7.5.20 || ^8.5.8 || ^9.3.3",
                "symfony/var-dumper": "^2.6 || ^3.0 || ^4.0 || ^5.0"
            },
            "suggest": {
                "symfony/var-dumper": "Pretty print complex values better with var-dumper available",
                "whoops/soap": "Formats errors as SOAP responses"
            },
            "type": "library",
            "extra": {
                "branch-alias": {
                    "dev-master": "2.7-dev"
                }
            },
            "autoload": {
                "psr-4": {
                    "Whoops\\": "src/Whoops/"
                }
            },
            "notification-url": "https://packagist.org/downloads/",
            "license": [
                "MIT"
            ],
            "authors": [
                {
                    "name": "Filipe Dobreira",
                    "homepage": "https://github.com/filp",
                    "role": "Developer"
                }
            ],
            "description": "php error handling for cool kids",
            "homepage": "https://filp.github.io/whoops/",
            "keywords": [
                "error",
                "exception",
                "handling",
                "library",
                "throwable",
                "whoops"
            ],
            "funding": [
                {
                    "url": "https://github.com/denis-sokolov",
                    "type": "github"
                }
            ],
            "time": "2021-03-16T12:00:00+00:00"
        },
        {
            "name": "league/booboo",
            "version": "dev-master",
            "source": {
                "type": "git",
                "url": "https://github.com/thephpleague/booboo.git",
                "reference": "5f2d93a329df9ccb9edf77dac83c483829893d2e"
            },
            "dist": {
                "type": "zip",
                "url": "https://api.github.com/repos/thephpleague/booboo/zipball/5f2d93a329df9ccb9edf77dac83c483829893d2e",
                "reference": "5f2d93a329df9ccb9edf77dac83c483829893d2e",
                "shasum": ""
            },
            "require": {
                "php": ">=5.6.0",
                "psr/log": "~1.0"
            },
            "require-dev": {
                "mockery/mockery": "~0.9",
                "phpunit/phpunit": "~5.7",
                "sentry/sentry": "~1.7"
            },
            "suggest": {
                "sentry/sentry": "Use Sentry for passing errors to Sentry."
            },
            "type": "library",
            "autoload": {
                "psr-4": {
                    "League\\BooBoo\\": "src/"
                }
            },
            "notification-url": "https://packagist.org/downloads/",
            "license": [
                "MIT"
            ],
            "authors": [
                {
                    "name": "Brandon Savage",
                    "homepage": "https://www.brandonsavage.net/"
                }
            ],
            "description": "Provides an error handler for PHP that can execute a stack of handlers for various purposes.",
            "time": "2017-12-13T15:55:44+00:00"
        },
        {
            "name": "psr/log",
            "version": "dev-master",
            "source": {
                "type": "git",
                "url": "https://github.com/php-fig/log.git",
                "reference": "a18c1e692e02b84abbafe4856c3cd7cc6903908c"
            },
            "dist": {
                "type": "zip",
                "url": "https://api.github.com/repos/php-fig/log/zipball/a18c1e692e02b84abbafe4856c3cd7cc6903908c",
                "reference": "a18c1e692e02b84abbafe4856c3cd7cc6903908c",
                "shasum": ""
            },
            "require": {
                "php": ">=5.3.0"
            },
            "type": "library",
            "extra": {
                "branch-alias": {
                    "dev-master": "1.1.x-dev"
                }
            },
            "autoload": {
                "psr-4": {
                    "Psr\\Log\\": "Psr/Log/"
                }
            },
            "notification-url": "https://packagist.org/downloads/",
            "license": [
                "MIT"
            ],
            "authors": [
                {
                    "name": "PHP-FIG",
                    "homepage": "https://www.php-fig.org/"
                }
            ],
            "description": "Common interface for logging libraries",
            "homepage": "https://github.com/php-fig/log",
            "keywords": [
                "log",
                "psr",
                "psr-3"
            ],
            "time": "2021-03-02T15:02:34+00:00"
        }
    ],
    "aliases": [],
    "minimum-stability": "dev",
    "stability-flags": {
        "filp/whoops": 20,
        "league/booboo": 20
    },
    "prefer-stable": false,
    "prefer-lowest": false,
    "platform": [],
    "platform-dev": [],
    "plugin-api-version": "1.1.0"
}
